# THIS IS AN AUTOGENERATED FILE. DO NOT EDIT THIS FILE DIRECTLY.
# yarn lockfile v1


"@altv/types-client@^16.2.2":
  version "16.2.2"
  resolved "https://registry.yarnpkg.com/@altv/types-client/-/types-client-16.2.2.tgz#bd1c7b6a32420269e683808564d46413b0613b51"
  integrity sha512-LH8j7zY8hg1+UoQyXeGsao+H58Wg55AVjM7xM+fUT4HXux5YCZbNIIWd/FvOL91/1gct5/WEnHXveCrmOUNhtw==

"@altv/types-natives@^16.2.0":
  version "16.2.0"
  resolved "https://registry.yarnpkg.com/@altv/types-natives/-/types-natives-16.2.0.tgz#ec36f6204e982daab039ad5a71a5544ec101195d"
  integrity sha512-kZ6Or14I9DLPPbSAEEDxS+Pt+Efv1lsJSCFeYemnmoQEJtVT/XbCjkwYUd9HHzbcxkyAB87DVn1toQrAjYCSxg==

"@altv/types-shared@^16.2.1":
  version "16.2.1"
  resolved "https://registry.yarnpkg.com/@altv/types-shared/-/types-shared-16.2.1.tgz#29367dec28a5efdc4d1ca73c2fc445ff048e6154"
  integrity sha512-qQ6z58dqwmAV5UcDh5nWBaieOuhDaXNgzj63XJ3MJiR6z7ShI4onZszzEX9ALaLGdakPupWs+0pm/MJV7diZQQ==

"@altv/types-webview@^16.2.1":
  version "16.2.1"
  resolved "https://registry.yarnpkg.com/@altv/types-webview/-/types-webview-16.2.1.tgz#9f12236e6ed3829b91e264711ec3ebc261996079"
  integrity sha512-JEk1+XR1ya+mYkKoF3/tLYfaHUKkL6A8gtckuuGuf4IPrKO80UVGYI+2LxvqMBKcF6aDGI3MOoD9DYV0DznWSQ==

"@types/node@^20.12.8":
  version "20.12.8"
  resolved "https://registry.yarnpkg.com/@types/node/-/node-20.12.8.tgz#35897bf2bfe3469847ab04634636de09552e8256"
  integrity sha512-NU0rJLJnshZWdE/097cdCBbyW1h4hEg0xpovcoAQYHl8dnEyp/NAOiE45pvc+Bd1Dt+2r94v2eGFpQJ4R7g+2w==
  dependencies:
    undici-types "~5.26.4"

undici-types@~5.26.4:
  version "5.26.5"
  resolved "https://registry.yarnpkg.com/undici-types/-/undici-types-5.26.5.tgz#bcd539893d00b56e964fd2657a4866b221a65617"
  integrity sha512-JlCMO+ehdEIKqlFxk6IfVoAUVmgz7cU7zD/h9XZ0qzeosSHmUJVOzSQvvYSYWXkFXC+IfLKSIffhv0sVZup6pA==
