# THIS IS AN AUTOGENERATED FILE. DO NOT EDIT THIS FILE DIRECTLY.
# yarn lockfile v1


"@altv/types-server@^16.2.1":
  version "16.2.1"
  resolved "https://registry.yarnpkg.com/@altv/types-server/-/types-server-16.2.1.tgz#55e59bdd4e9ca648f9c15d3705fabb55d9913ccf"
  integrity sha512-Cm1gcPPtaO/cUmdfwTw9p61bIe6tL9F0MVJDy1Y+2QPERtZDBoqiUfYLKwT7AOXMyF3scG6kX/fkpwZels9d8A==

"@altv/types-shared@^16.2.1":
  version "16.2.1"
  resolved "https://registry.yarnpkg.com/@altv/types-shared/-/types-shared-16.2.1.tgz#29367dec28a5efdc4d1ca73c2fc445ff048e6154"
  integrity sha512-qQ6z58dqwmAV5UcDh5nWBaieOuhDaXNgzj63XJ3MJiR6z7ShI4onZszzEX9ALaLGdakPupWs+0pm/MJV7diZQQ==
